
Microsoft Visual Studio Solution File, Format Version 12.00
# Visual Studio 15
VisualStudioVersion = 15.0.26730.3
MinimumVisualStudioVersion = 10.0.40219.1
Project("{FAE04EC0-301F-11D3-BF4B-00C04F79EFBC}") = "MouseGeno", "MouseGeno\MouseGeno.csproj", "{46E1DDBA-D7BC-4928-8AA7-450D1FC77FC2}"
EndProject
Global
	GlobalSection(SolutionConfigurationPlatforms) = preSolution
		Debug|Any CPU = Debug|Any CPU
		Release|Any CPU = Release|Any CPU
	EndGlobalSection
	GlobalSection(ProjectConfigurationPlatforms) = postSolution
		{46E1DDBA-D7BC-4928-8AA7-450D1FC77FC2}.Debug|Any CPU.ActiveCfg = Debug|Any CPU
		{46E1DDBA-D7BC-4928-8AA7-450D1FC77FC2}.Debug|Any CPU.Build.0 = Debug|Any CPU
		{46E1DDBA-D7BC-4928-8AA7-450D1FC77FC2}.Release|Any CPU.ActiveCfg = Release|Any CPU
		{46E1DDBA-D7BC-4928-8AA7-450D1FC77FC2}.Release|Any CPU.Build.0 = Release|Any CPU
	EndGlobalSection
	GlobalSection(SolutionProperties) = preSolution
		HideSolutionNode = FALSE
	EndGlobalSection
	GlobalSection(ExtensibilityGlobals) = postSolution
		SolutionGuid = {DA193F8C-F617-4BB1-A5F7-2845FBFD1E63}
	EndGlobalSection
EndGlobal
